{
  "name": "@a2a-workers/shared",
  "version": "1.0.0",
  "lockfileVersion": 3,
  "requires": true,
  "packages": {
    "": {
      "name": "@a2a-workers/shared",
      "version": "1.0.0",
      "devDependencies": {
        "@cloudflare/workers-types": "^4.20240620.0",
        "typescript": "^5.3.3"
      }
    },
    "node_modules/@cloudflare/workers-types": {
      "version": "4.20250709.0",
      "resolved": "https://registry.npmjs.org/@cloudflare/workers-types/-/workers-types-4.20250709.0.tgz",
      "integrity": "sha512-Ai10nE0y6BFLLTm34A5IljuLHFDZG0i4JUgrOT0IsAzHIVM7hBdtueKe1EMjiwHkj5X/B5XlURYjw+5Sw3MfmA==",
      "dev": true,
      "license": "MIT OR Apache-2.0"
    },
    "node_modules/typescript": {
      "version": "5.8.3",
      "resolved": "https://registry.npmjs.org/typescript/-/typescript-5.8.3.tgz",
      "integrity": "sha512-p1diW6TqL9L07nNxvRMM7hMMw4c5XOo/1ibL4aAIGmSAt9slTE1Xgw5KWuof2uTOvCg9BY7ZRi+GaF+7sfgPeQ==",
      "dev": true,
      "license": "Apache-2.0",
      "bin": {
        "tsc": "bin/tsc",
        "tsserver": "bin/tsserver"
      },
      "engines": {
        "node": ">=14.17"
      }
    }
  }
}
